hash: 27dd0eb78697eacf4219ef85b5738fdc8771342ba694a6878d481db91c8279aa
updated: 2019-03-17T21:16:01.426643+03:00
imports:
- name: github.com/davecgh/go-spew
  version: 8991bc29aa16c548c550c7ff78260e27b9ab7c73
  subpackages:
  - spew
- name: github.com/dgrijalva/jwt-go
  version: 06ea1031745cb8b3dab3f6a236daf2b0aa468b7e
- name: github.com/golang-migrate/migrate
  version: 5e96539f55495f6fa80240037db6cb1886a99b89
- name: github.com/gorilla/mux
  version: a7962380ca08b5a188038c69871b8d3fbdf31e89
- name: github.com/lib/pq
  version: 4ded0e9383f75c197b3a2aaa6d590ac52df6fd79
- name: github.com/subosito/gotenv
  version: 69b5b6104433beb2cb9c3ce00bdadf3c7c2d3f34
testImports: []
